// !$*UTF8*$!
{
	archiveVersion = 1;
	classes = {
	};
	objectVersion = 46;
	objects = {

/* Begin PBXBuildFile section */
		167AB24E7CE7A40B5011CB7D /* Pods_foodDiary.framework in Frameworks */ = {isa = PBXBuildFile; fileRef = E83E6B0AAE0DCFD98CDCDB3F /* Pods_foodDiary.framework */; };
		CEFCB40F1CF7922700565274 /* AppDelegate.swift in Sources */ = {isa = PBXBuildFile; fileRef = CEFCB40E1CF7922700565274 /* AppDelegate.swift */; };
		CEFCB4111CF7922700565274 /* ViewController.swift in Sources */ = {isa = PBXBuildFile; fileRef = CEFCB4101CF7922700565274 /* ViewController.swift */; };
		CEFCB4141CF7922700565274 /* Main.storyboard in Resources */ = {isa = PBXBuildFile; fileRef = CEFCB4121CF7922700565274 /* Main.storyboard */; };
		CEFCB4171CF7922700565274 /* foodDiary.xcdatamodeld in Sources */ = {isa = PBXBuildFile; fileRef = CEFCB4151CF7922700565274 /* foodDiary.xcdatamodeld */; };
		CEFCB4191CF7922700565274 /* Assets.xcassets in Resources */ = {isa = PBXBuildFile; fileRef = CEFCB4181CF7922700565274 /* Assets.xcassets */; };
		CEFCB41C1CF7922700565274 /* LaunchScreen.storyboard in Resources */ = {isa = PBXBuildFile; fileRef = CEFCB41A1CF7922700565274 /* LaunchScreen.storyboard */; };
		CEFCB4251CF796F500565274 /* Meal.swift in Sources */ = {isa = PBXBuildFile; fileRef = CEFCB4241CF796F500565274 /* Meal.swift */; };
/* End PBXBuildFile section */

/* Begin PBXFileReference section */
		51B4A31095EDBC24DC306EE2 /* Pods-foodDiary.release.xcconfig */ = {isa = PBXFileReference; includeInIndex = 1; lastKnownFileType = text.xcconfig; name = "Pods-foodDiary.release.xcconfig"; path = "Pods/Target Support Files/Pods-foodDiary/Pods-foodDiary.release.xcconfig"; sourceTree = "<group>"; };
		CEFCB40B1CF7922700565274 /* foodDiary.app */ = {isa = PBXFileReference; explicitFileType = wrapper.application; includeInIndex = 0; path = foodDiary.app; sourceTree = BUILT_PRODUCTS_DIR; };
		CEFCB40E1CF7922700565274 /* AppDelegate.swift */ = {isa = PBXFileReference; lastKnownFileType = sourcecode.swift; path = AppDelegate.swift; sourceTree = "<group>"; };
		CEFCB4101CF7922700565274 /* ViewController.swift */ = {isa = PBXFileReference; lastKnownFileType = sourcecode.swift; path = ViewController.swift; sourceTree = "<group>"; };
		CEFCB4131CF7922700565274 /* Base */ = {isa = PBXFileReference; lastKnownFileType = file.storyboard; name = Base; path = Base.lproj/Main.storyboard; sourceTree = "<group>"; };
		CEFCB4161CF7922700565274 /* foodDiary.xcdatamodel */ = {isa = PBXFileReference; lastKnownFileType = wrapper.xcdatamodel; path = foodDiary.xcdatamodel; sourceTree = "<group>"; };
		CEFCB4181CF7922700565274 /* Assets.xcassets */ = {isa = PBXFileReference; lastKnownFileType = folder.assetcatalog; path = Assets.xcassets; sourceTree = "<group>"; };
		CEFCB41B1CF7922700565274 /* Base */ = {isa = PBXFileReference; lastKnownFileType = file.storyboard; name = Base; path = Base.lproj/LaunchScreen.storyboard; sourceTree = "<group>"; };
		CEFCB41D1CF7922700565274 /* Info.plist */ = {isa = PBXFileReference; lastKnownFileType = text.plist.xml; path = Info.plist; sourceTree = "<group>"; };
		CEFCB4241CF796F500565274 /* Meal.swift */ = {isa = PBXFileReference; fileEncoding = 4; lastKnownFileType = sourcecode.swift; name = Meal.swift; path = models/Meal.swift; sourceTree = "<group>"; };
		E83E6B0AAE0DCFD98CDCDB3F /* Pods_foodDiary.framework */ = {isa = PBXFileReference; explicitFileType = wrapper.framework; includeInIndex = 0; path = Pods_foodDiary.framework; sourceTree = BUILT_PRODUCTS_DIR; };
		F97291B06EA6E6DBB52DA55F /* Pods-foodDiary.debug.xcconfig */ = {isa = PBXFileReference; includeInIndex = 1; lastKnownFileType = text.xcconfig; name = "Pods-foodDiary.debug.xcconfig"; path = "Pods/Target Support Files/Pods-foodDiary/Pods-foodDiary.debug.xcconfig"; sourceTree = "<group>"; };
/* End PBXFileReference section */

/* Begin PBXFrameworksBuildPhase section */
		CEFCB4081CF7922700565274 /* Frameworks */ = {
			isa = PBXFrameworksBuildPhase;
			buildActionMask = 2147483647;
			files = (
				167AB24E7CE7A40B5011CB7D /* Pods_foodDiary.framework in Frameworks */,
			);
			runOnlyForDeploymentPostprocessing = 0;
		};
/* End PBXFrameworksBuildPhase section */

/* Begin PBXGroup section */
		CEFCB4021CF7922700565274 = {
			isa = PBXGroup;
			children = (
				CEFCB40D1CF7922700565274 /* foodDiary */,
				CEFCB40C1CF7922700565274 /* Products */,
				F36D869934EB4D8B011AAA4A /* Pods */,
				FF3D9684980ED33362E16776 /* Frameworks */,
			);
			sourceTree = "<group>";
		};
		CEFCB40C1CF7922700565274 /* Products */ = {
			isa = PBXGroup;
			children = (
				CEFCB40B1CF7922700565274 /* foodDiary.app */,
			);
			name = Products;
			sourceTree = "<group>";
		};
		CEFCB40D1CF7922700565274 /* foodDiary */ = {
			isa = PBXGroup;
			children = (
				CEFCB4231CF793E400565274 /* Models */,
				CEFCB40E1CF7922700565274 /* AppDelegate.swift */,
				CEFCB4101CF7922700565274 /* ViewController.swift */,
				CEFCB4121CF7922700565274 /* Main.storyboard */,
				CEFCB4181CF7922700565274 /* Assets.xcassets */,
				CEFCB41A1CF7922700565274 /* LaunchScreen.storyboard */,
				CEFCB41D1CF7922700565274 /* Info.plist */,
				CEFCB4151CF7922700565274 /* foodDiary.xcdatamodeld */,
			);
			path = foodDiary;
			sourceTree = "<group>";
		};
		CEFCB4231CF793E400565274 /* Models */ = {
			isa = PBXGroup;
			children = (
				CEFCB4241CF796F500565274 /* Meal.swift */,
			);
			name = Models;
			sourceTree = "<group>";
		};
		F36D869934EB4D8B011AAA4A /* Pods */ = {
			isa = PBXGroup;
			children = (
				F97291B06EA6E6DBB52DA55F /* Pods-foodDiary.debug.xcconfig */,
				51B4A31095EDBC24DC306EE2 /* Pods-foodDiary.release.xcconfig */,
			);
			name = Pods;
			sourceTree = "<group>";
		};
		FF3D9684980ED33362E16776 /* Frameworks */ = {
			isa = PBXGroup;
			children = (
				E83E6B0AAE0DCFD98CDCDB3F /* Pods_foodDiary.framework */,
			);
			name = Frameworks;
			sourceTree = "<group>";
		};
/* End PBXGroup section */

/* Begin PBXNativeTarget section */
		CEFCB40A1CF7922700565274 /* foodDiary */ = {
			isa = PBXNativeTarget;
			buildConfigurationList = CEFCB4201CF7922700565274 /* Build configuration list for PBXNativeTarget "foodDiary" */;
			buildPhases = (
				7B54207208B546388CD337B1 /* 📦 Check Pods Manifest.lock */,
				CEFCB4071CF7922700565274 /* Sources */,
				CEFCB4081CF7922700565274 /* Frameworks */,
				CEFCB4091CF7922700565274 /* Resources */,
				8F1E2D23891F25C4D7CF2AD6 /* 📦 Embed Pods Frameworks */,
				DF40AF0112198F547669A06D /* 📦 Copy Pods Resources */,
			);
			buildRules = (
			);
			dependencies = (
			);
			name = foodDiary;
			productName = foodDiary;
			productReference = CEFCB40B1CF7922700565274 /* foodDiary.app */;
			productType = "com.apple.product-type.application";
		};
/* End PBXNativeTarget section */

/* Begin PBXProject section */
		CEFCB4031CF7922700565274 /* Project object */ = {
			isa = PBXProject;
			attributes = {
				LastSwiftUpdateCheck = 0730;
				LastUpgradeCheck = 0730;
				ORGANIZATIONNAME = "Ryan Wedig";
				TargetAttributes = {
					CEFCB40A1CF7922700565274 = {
						CreatedOnToolsVersion = 7.3.1;
					};
				};
			};
			buildConfigurationList = CEFCB4061CF7922700565274 /* Build configuration list for PBXProject "foodDiary" */;
			compatibilityVersion = "Xcode 3.2";
			developmentRegion = English;
			hasScannedForEncodings = 0;
			knownRegions = (
				en,
				Base,
			);
			mainGroup = CEFCB4021CF7922700565274;
			productRefGroup = CEFCB40C1CF7922700565274 /* Products */;
			projectDirPath = "";
			projectRoot = "";
			targets = (
				CEFCB40A1CF7922700565274 /* foodDiary */,
			);
		};
/* End PBXProject section */

/* Begin PBXResourcesBuildPhase section */
		CEFCB4091CF7922700565274 /* Resources */ = {
			isa = PBXResourcesBuildPhase;
			buildActionMask = 2147483647;
			files = (
				CEFCB41C1CF7922700565274 /* LaunchScreen.storyboard in Resources */,
				CEFCB4191CF7922700565274 /* Assets.xcassets in Resources */,
				CEFCB4141CF7922700565274 /* Main.storyboard in Resources */,
			);
			runOnlyForDeploymentPostprocessing = 0;
		};
/* End PBXResourcesBuildPhase section */

/* Begin PBXShellScriptBuildPhase section */
		7B54207208B546388CD337B1 /* 📦 Check Pods Manifest.lock */ = {
			isa = PBXShellScriptBuildPhase;
			buildActionMask = 2147483647;
			files = (
			);
			inputPaths = (
			);
			name = "📦 Check Pods Manifest.lock";
			outputPaths = (
			);
			runOnlyForDeploymentPostprocessing = 0;
			shellPath = /bin/sh;
			shellScript = "diff \"${PODS_ROOT}/../Podfile.lock\" \"${PODS_ROOT}/Manifest.lock\" > /dev/null\nif [[ $? != 0 ]] ; then\n    cat << EOM\nerror: The sandbox is not in sync with the Podfile.lock. Run 'pod install' or update your CocoaPods installation.\nEOM\n    exit 1\nfi\n";
			showEnvVarsInLog = 0;
		};
		8F1E2D23891F25C4D7CF2AD6 /* 📦 Embed Pods Frameworks */ = {
			isa = PBXShellScriptBuildPhase;
			buildActionMask = 2147483647;
			files = (
			);
			inputPaths = (
			);
			name = "📦 Embed Pods Frameworks";
			outputPaths = (
			);
			runOnlyForDeploymentPostprocessing = 0;
			shellPath = /bin/sh;
			shellScript = "\"${SRCROOT}/Pods/Target Support Files/Pods-foodDiary/Pods-foodDiary-frameworks.sh\"\n";
			showEnvVarsInLog = 0;
		};
		DF40AF0112198F547669A06D /* 📦 Copy Pods Resources */ = {
			isa = PBXShellScriptBuildPhase;
			buildActionMask = 2147483647;
			files = (
			);
			inputPaths = (
			);
			name = "📦 Copy Pods Resources";
			outputPaths = (
			);
			runOnlyForDeploymentPostprocessing = 0;
			shellPath = /bin/sh;
			shellScript = "\"${SRCROOT}/Pods/Target Support Files/Pods-foodDiary/Pods-foodDiary-resources.sh\"\n";
			showEnvVarsInLog = 0;
		};
/* End PBXShellScriptBuildPhase section */

/* Begin PBXSourcesBuildPhase section */
		CEFCB4071CF7922700565274 /* Sources */ = {
			isa = PBXSourcesBuildPhase;
			buildActionMask = 2147483647;
			files = (
				CEFCB4251CF796F500565274 /* Meal.swift in Sources */,
				CEFCB4171CF7922700565274 /* foodDiary.xcdatamodeld in Sources */,
				CEFCB4111CF7922700565274 /* ViewController.swift in Sources */,
				CEFCB40F1CF7922700565274 /* AppDelegate.swift in Sources */,
			);
			runOnlyForDeploymentPostprocessing = 0;
		};
/* End PBXSourcesBuildPhase section */

/* Begin PBXVariantGroup section */
		CEFCB4121CF7922700565274 /* Main.storyboard */ = {
			isa = PBXVariantGroup;
			children = (
				CEFCB4131CF7922700565274 /* Base */,
			);
			name = Main.storyboard;
			sourceTree = "<group>";
		};
		CEFCB41A1CF7922700565274 /* LaunchScreen.storyboard */ = {
			isa = PBXVariantGroup;
			children = (
				CEFCB41B1CF7922700565274 /* Base */,
			);
			name = LaunchScreen.storyboard;
			sourceTree = "<group>";
		};
/* End PBXVariantGroup section */

/* Begin XCBuildConfiguration section */
		CEFCB41E1CF7922700565274 /* Debug */ = {
			isa = XCBuildConfiguration;
			buildSettings = {
				ALWAYS_SEARCH_USER_PATHS = NO;
				CLANG_ANALYZER_NONNULL = YES;
				CLANG_CXX_LANGUAGE_STANDARD = "gnu++0x";
				CLANG_CXX_LIBRARY = "libc++";
				CLANG_ENABLE_MODULES = YES;
				CLANG_ENABLE_OBJC_ARC = YES;
				CLANG_WARN_BOOL_CONVERSION = YES;
				CLANG_WARN_CONSTANT_CONVERSION = YES;
				CLANG_WARN_DIRECT_OBJC_ISA_USAGE = YES_ERROR;
				CLANG_WARN_EMPTY_BODY = YES;
				CLANG_WARN_ENUM_CONVERSION = YES;
				CLANG_WARN_INT_CONVERSION = YES;
				CLANG_WARN_OBJC_ROOT_CLASS = YES_ERROR;
				CLANG_WARN_UNREACHABLE_CODE = YES;
				CLANG_WARN__DUPLICATE_METHOD_MATCH = YES;
				"CODE_SIGN_IDENTITY[sdk=iphoneos*]" = "iPhone Developer";
				COPY_PHASE_STRIP = NO;
				DEBUG_INFORMATION_FORMAT = dwarf;
				ENABLE_STRICT_OBJC_MSGSEND = YES;
				ENABLE_TESTABILITY = YES;
				GCC_C_LANGUAGE_STANDARD = gnu99;
				GCC_DYNAMIC_NO_PIC = NO;
				GCC_NO_COMMON_BLOCKS = YES;
				GCC_OPTIMIZATION_LEVEL = 0;
				GCC_PREPROCESSOR_DEFINITIONS = (
					"DEBUG=1",
					"$(inherited)",
				);
				GCC_WARN_64_TO_32_BIT_CONVERSION = YES;
				GCC_WARN_ABOUT_RETURN_TYPE = YES_ERROR;
				GCC_WARN_UNDECLARED_SELECTOR = YES;
				GCC_WARN_UNINITIALIZED_AUTOS = YES_AGGRESSIVE;
				GCC_WARN_UNUSED_FUNCTION = YES;
				GCC_WARN_UNUSED_VARIABLE = YES;
				IPHONEOS_DEPLOYMENT_TARGET = 9.3;
				MTL_ENABLE_DEBUG_INFO = YES;
				ONLY_ACTIVE_ARCH = YES;
				SDKROOT = iphoneos;
				SWIFT_OPTIMIZATION_LEVEL = "-Onone";
			};
			name = Debug;
		};
		CEFCB41F1CF7922700565274 /* Release */ = {
			isa = XCBuildConfiguration;
			buildSettings = {
				ALWAYS_SEARCH_USER_PATHS = NO;
				CLANG_ANALYZER_NONNULL = YES;
				CLANG_CXX_LANGUAGE_STANDARD = "gnu++0x";
				CLANG_CXX_LIBRARY = "libc++";
				CLANG_ENABLE_MODULES = YES;
				CLANG_ENABLE_OBJC_ARC = YES;
				CLANG_WARN_BOOL_CONVERSION = YES;
				CLANG_WARN_CONSTANT_CONVERSION = YES;
				CLANG_WARN_DIRECT_OBJC_ISA_USAGE = YES_ERROR;
				CLANG_WARN_EMPTY_BODY = YES;
				CLANG_WARN_ENUM_CONVERSION = YES;
				CLANG_WARN_INT_CONVERSION = YES;
				CLANG_WARN_OBJC_ROOT_CLASS = YES_ERROR;
				CLANG_WARN_UNREACHABLE_CODE = YES;
				CLANG_WARN__DUPLICATE_METHOD_MATCH = YES;
				"CODE_SIGN_IDENTITY[sdk=iphoneos*]" = "iPhone Developer";
				COPY_PHASE_STRIP = NO;
				DEBUG_INFORMATION_FORMAT = "dwarf-with-dsym";
				ENABLE_NS_ASSERTIONS = NO;
				ENABLE_STRICT_OBJC_MSGSEND = YES;
				GCC_C_LANGUAGE_STANDARD = gnu99;
				GCC_NO_COMMON_BLOCKS = YES;
				GCC_WARN_64_TO_32_BIT_CONVERSION = YES;
				GCC_WARN_ABOUT_RETURN_TYPE = YES_ERROR;
				GCC_WARN_UNDECLARED_SELECTOR = YES;
				GCC_WARN_UNINITIALIZED_AUTOS = YES_AGGRESSIVE;
				GCC_WARN_UNUSED_FUNCTION = YES;
				GCC_WARN_UNUSED_VARIABLE = YES;
				IPHONEOS_DEPLOYMENT_TARGET = 9.3;
				MTL_ENABLE_DEBUG_INFO = NO;
				SDKROOT = iphoneos;
				VALIDATE_PRODUCT = YES;
			};
			name = Release;
		};
		CEFCB4211CF7922700565274 /* Debug */ = {
			isa = XCBuildConfiguration;
			baseConfigurationReference = F97291B06EA6E6DBB52DA55F /* Pods-foodDiary.debug.xcconfig */;
			buildSettings = {
				ASSETCATALOG_COMPILER_APPICON_NAME = AppIcon;
				INFOPLIST_FILE = foodDiary/Info.plist;
				LD_RUNPATH_SEARCH_PATHS = "$(inherited) @executable_path/Frameworks";
				PRODUCT_BUNDLE_IDENTIFIER = com.RJW.foodDiary;
				PRODUCT_NAME = "$(TARGET_NAME)";
			};
			name = Debug;
		};
		CEFCB4221CF7922700565274 /* Release */ = {
			isa = XCBuildConfiguration;
			baseConfigurationReference = 51B4A31095EDBC24DC306EE2 /* Pods-foodDiary.release.xcconfig */;
			buildSettings = {
				ASSETCATALOG_COMPILER_APPICON_NAME = AppIcon;
				INFOPLIST_FILE = foodDiary/Info.plist;
				LD_RUNPATH_SEARCH_PATHS = "$(inherited) @executable_path/Frameworks";
				PRODUCT_BUNDLE_IDENTIFIER = com.RJW.foodDiary;
				PRODUCT_NAME = "$(TARGET_NAME)";
			};
			name = Release;
		};
/* End XCBuildConfiguration section */

/* Begin XCConfigurationList section */
		CEFCB4061CF7922700565274 /* Build configuration list for PBXProject "foodDiary" */ = {
			isa = XCConfigurationList;
			buildConfigurations = (
				CEFCB41E1CF7922700565274 /* Debug */,
				CEFCB41F1CF7922700565274 /* Release */,
			);
			defaultConfigurationIsVisible = 0;
			defaultConfigurationName = Release;
		};
		CEFCB4201CF7922700565274 /* Build configuration list for PBXNativeTarget "foodDiary" */ = {
			isa = XCConfigurationList;
			buildConfigurations = (
				CEFCB4211CF7922700565274 /* Debug */,
				CEFCB4221CF7922700565274 /* Release */,
			);
			defaultConfigurationIsVisible = 0;
			defaultConfigurationName = Release;
		};
/* End XCConfigurationList section */

/* Begin XCVersionGroup section */
		CEFCB4151CF7922700565274 /* foodDiary.xcdatamodeld */ = {
			isa = XCVersionGroup;
			children = (
				CEFCB4161CF7922700565274 /* foodDiary.xcdatamodel */,
			);
			currentVersion = CEFCB4161CF7922700565274 /* foodDiary.xcdatamodel */;
			path = foodDiary.xcdatamodeld;
			sourceTree = "<group>";
			versionGroupType = wrapper.xcdatamodel;
		};
/* End XCVersionGroup section */
	};
	rootObject = CEFCB4031CF7922700565274 /* Project object */;
}
